
Microsoft Visual Studio Solution File, Format Version 12.00
# Visual Studio 15
VisualStudioVersion = 15.0.27130.2024
MinimumVisualStudioVersion = 10.0.40219.1
Project("{FAE04EC0-301F-11D3-BF4B-00C04F79EFBC}") = "MailerApp", "Prueba_Mailer\MailerApp.csproj", "{AE4DC950-C94C-48EF-9410-0D54443D1F1A}"
EndProject
Global
	GlobalSection(SolutionConfigurationPlatforms) = preSolution
		Debug|Any CPU = Debug|Any CPU
		Debug|x86 = Debug|x86
		Release|Any CPU = Release|Any CPU
		Release|x86 = Release|x86
	EndGlobalSection
	GlobalSection(ProjectConfigurationPlatforms) = postSolution
		{AE4DC950-C94C-48EF-9410-0D54443D1F1A}.Debug|Any CPU.ActiveCfg = Debug|Any CPU
		{AE4DC950-C94C-48EF-9410-0D54443D1F1A}.Debug|Any CPU.Build.0 = Debug|Any CPU
		{AE4DC950-C94C-48EF-9410-0D54443D1F1A}.Debug|x86.ActiveCfg = Debug|x86
		{AE4DC950-C94C-48EF-9410-0D54443D1F1A}.Debug|x86.Build.0 = Debug|x86
		{AE4DC950-C94C-48EF-9410-0D54443D1F1A}.Release|Any CPU.ActiveCfg = Release|Any CPU
		{AE4DC950-C94C-48EF-9410-0D54443D1F1A}.Release|Any CPU.Build.0 = Release|Any CPU
		{AE4DC950-C94C-48EF-9410-0D54443D1F1A}.Release|x86.ActiveCfg = Release|x86
		{AE4DC950-C94C-48EF-9410-0D54443D1F1A}.Release|x86.Build.0 = Release|x86
	EndGlobalSection
	GlobalSection(SolutionProperties) = preSolution
		HideSolutionNode = FALSE
	EndGlobalSection
	GlobalSection(ExtensibilityGlobals) = postSolution
		SolutionGuid = {F09E81CA-A51F-41B2-A396-1BF62554E595}
	EndGlobalSection
EndGlobal
